
Microsoft Visual Studio Solution File, Format Version 12.00
# Visual Studio Version 16
VisualStudioVersion = 16.0.31424.327
MinimumVisualStudioVersion = 10.0.40219.1
Project("{FAE04EC0-301F-11D3-BF4B-00C04F79EFBC}") = "Элементы Управления в форме", "Элементы Управления в форме\Элементы Управления в форме.csproj", "{289B59B0-5C16-4C46-B61E-862E1B9B450C}"
EndProject
Global
	GlobalSection(SolutionConfigurationPlatforms) = preSolution
		Debug|Any CPU = Debug|Any CPU
		Release|Any CPU = Release|Any CPU
	EndGlobalSection
	GlobalSection(ProjectConfigurationPlatforms) = postSolution
		{289B59B0-5C16-4C46-B61E-862E1B9B450C}.Debug|Any CPU.ActiveCfg = Debug|Any CPU
		{289B59B0-5C16-4C46-B61E-862E1B9B450C}.Debug|Any CPU.Build.0 = Debug|Any CPU
		{289B59B0-5C16-4C46-B61E-862E1B9B450C}.Release|Any CPU.ActiveCfg = Release|Any CPU
		{289B59B0-5C16-4C46-B61E-862E1B9B450C}.Release|Any CPU.Build.0 = Release|Any CPU
	EndGlobalSection
	GlobalSection(SolutionProperties) = preSolution
		HideSolutionNode = FALSE
	EndGlobalSection
	GlobalSection(ExtensibilityGlobals) = postSolution
		SolutionGuid = {F104B994-1420-4298-8405-CD8E5CDB1920}
	EndGlobalSection
EndGlobal
